
Microsoft Visual Studio Solution File, Format Version 12.00
# Visual Studio 15
VisualStudioVersion = 15.0.28010.2003
MinimumVisualStudioVersion = 10.0.40219.1
Project("{FAE04EC0-301F-11D3-BF4B-00C04F79EFBC}") = "ContosoUniversity", "ContosoUniversity\ContosoUniversity.csproj", "{BCE57511-C9C6-4B70-BD8D-A5A80111CC73}"
EndProject
Global
	GlobalSection(SolutionConfigurationPlatforms) = preSolution
		Debug|Any CPU = Debug|Any CPU
		Release|Any CPU = Release|Any CPU
	EndGlobalSection
	GlobalSection(ProjectConfigurationPlatforms) = postSolution
		{BCE57511-C9C6-4B70-BD8D-A5A80111CC73}.Debug|Any CPU.ActiveCfg = Debug|Any CPU
		{BCE57511-C9C6-4B70-BD8D-A5A80111CC73}.Debug|Any CPU.Build.0 = Debug|Any CPU
		{BCE57511-C9C6-4B70-BD8D-A5A80111CC73}.Release|Any CPU.ActiveCfg = Release|Any CPU
		{BCE57511-C9C6-4B70-BD8D-A5A80111CC73}.Release|Any CPU.Build.0 = Release|Any CPU
	EndGlobalSection
	GlobalSection(SolutionProperties) = preSolution
		HideSolutionNode = FALSE
	EndGlobalSection
	GlobalSection(ExtensibilityGlobals) = postSolution
		SolutionGuid = {ED377155-D49F-4837-B971-6DDB1769DB18}
	EndGlobalSection
EndGlobal
